
Microsoft Visual Studio Solution File, Format Version 12.00
# Visual Studio Version 16
VisualStudioVersion = 16.0.31613.86
MinimumVisualStudioVersion = 10.0.40219.1
Project("{FAE04EC0-301F-11D3-BF4B-00C04F79EFBC}") = "CRUDWEBAPI", "CRUDWEBAPI\CRUDWEBAPI.csproj", "{521D9AF9-D765-4443-8B67-94DBB13BE232}"
EndProject
Global
	GlobalSection(SolutionConfigurationPlatforms) = preSolution
		Debug|Any CPU = Debug|Any CPU
		Release|Any CPU = Release|Any CPU
	EndGlobalSection
	GlobalSection(ProjectConfigurationPlatforms) = postSolution
		{521D9AF9-D765-4443-8B67-94DBB13BE232}.Debug|Any CPU.ActiveCfg = Debug|Any CPU
		{521D9AF9-D765-4443-8B67-94DBB13BE232}.Debug|Any CPU.Build.0 = Debug|Any CPU
		{521D9AF9-D765-4443-8B67-94DBB13BE232}.Release|Any CPU.ActiveCfg = Release|Any CPU
		{521D9AF9-D765-4443-8B67-94DBB13BE232}.Release|Any CPU.Build.0 = Release|Any CPU
	EndGlobalSection
	GlobalSection(SolutionProperties) = preSolution
		HideSolutionNode = FALSE
	EndGlobalSection
	GlobalSection(ExtensibilityGlobals) = postSolution
		SolutionGuid = {310FD4C4-7237-4FF4-8904-5BBDC376B715}
	EndGlobalSection
EndGlobal
